
Microsoft Visual Studio Solution File, Format Version 12.00
# Visual Studio 15
VisualStudioVersion = 15.0.27703.2035
MinimumVisualStudioVersion = 10.0.40219.1
Project("{FAE04EC0-301F-11D3-BF4B-00C04F79EFBC}") = "TextAdventureApi", "TextAdventureApi\TextAdventureApi.csproj", "{8A3A00CB-82DC-418F-AC2E-CEEB5F4CD3A0}"
EndProject
Global
	GlobalSection(SolutionConfigurationPlatforms) = preSolution
		Debug|Any CPU = Debug|Any CPU
		Release|Any CPU = Release|Any CPU
	EndGlobalSection
	GlobalSection(ProjectConfigurationPlatforms) = postSolution
		{8A3A00CB-82DC-418F-AC2E-CEEB5F4CD3A0}.Debug|Any CPU.ActiveCfg = Debug|Any CPU
		{8A3A00CB-82DC-418F-AC2E-CEEB5F4CD3A0}.Debug|Any CPU.Build.0 = Debug|Any CPU
		{8A3A00CB-82DC-418F-AC2E-CEEB5F4CD3A0}.Release|Any CPU.ActiveCfg = Release|Any CPU
		{8A3A00CB-82DC-418F-AC2E-CEEB5F4CD3A0}.Release|Any CPU.Build.0 = Release|Any CPU
	EndGlobalSection
	GlobalSection(SolutionProperties) = preSolution
		HideSolutionNode = FALSE
	EndGlobalSection
	GlobalSection(ExtensibilityGlobals) = postSolution
		SolutionGuid = {CA52E053-CC19-4014-AFA4-BD73B70ABC51}
	EndGlobalSection
EndGlobal
